
Microsoft Visual Studio Solution File, Format Version 12.00
# Visual Studio Version 17
VisualStudioVersion = 17.5.002.0
MinimumVisualStudioVersion = 10.0.40219.1
Project("{9A19103F-16F7-4668-BE54-9A1E7A4F7556}") = "Lista 02", "Lista 02.csproj", "{846142A6-D5D9-42AA-AEF2-56A428BE0535}"
EndProject
Project("{FAE04EC0-301F-11D3-BF4B-00C04F79EFBC}") = "Lista04", "..\Lista 04\Lista04\Lista04.csproj", "{A9EF4A03-E5E5-4143-88CF-0F42434B3519}"
EndProject
Project("{FAE04EC0-301F-11D3-BF4B-00C04F79EFBC}") = "Lista04", "Lista04\Lista04.csproj", "{09D01B46-6FE0-4744-BA66-B7631832F970}"
EndProject
Global
	GlobalSection(SolutionConfigurationPlatforms) = preSolution
		Debug|Any CPU = Debug|Any CPU
		Release|Any CPU = Release|Any CPU
	EndGlobalSection
	GlobalSection(ProjectConfigurationPlatforms) = postSolution
		{846142A6-D5D9-42AA-AEF2-56A428BE0535}.Debug|Any CPU.ActiveCfg = Debug|Any CPU
		{846142A6-D5D9-42AA-AEF2-56A428BE0535}.Debug|Any CPU.Build.0 = Debug|Any CPU
		{846142A6-D5D9-42AA-AEF2-56A428BE0535}.Release|Any CPU.ActiveCfg = Release|Any CPU
		{846142A6-D5D9-42AA-AEF2-56A428BE0535}.Release|Any CPU.Build.0 = Release|Any CPU
		{A9EF4A03-E5E5-4143-88CF-0F42434B3519}.Debug|Any CPU.ActiveCfg = Debug|Any CPU
		{A9EF4A03-E5E5-4143-88CF-0F42434B3519}.Debug|Any CPU.Build.0 = Debug|Any CPU
		{A9EF4A03-E5E5-4143-88CF-0F42434B3519}.Release|Any CPU.ActiveCfg = Release|Any CPU
		{A9EF4A03-E5E5-4143-88CF-0F42434B3519}.Release|Any CPU.Build.0 = Release|Any CPU
		{09D01B46-6FE0-4744-BA66-B7631832F970}.Debug|Any CPU.ActiveCfg = Debug|Any CPU
		{09D01B46-6FE0-4744-BA66-B7631832F970}.Debug|Any CPU.Build.0 = Debug|Any CPU
		{09D01B46-6FE0-4744-BA66-B7631832F970}.Release|Any CPU.ActiveCfg = Release|Any CPU
		{09D01B46-6FE0-4744-BA66-B7631832F970}.Release|Any CPU.Build.0 = Release|Any CPU
	EndGlobalSection
	GlobalSection(SolutionProperties) = preSolution
		HideSolutionNode = FALSE
	EndGlobalSection
	GlobalSection(ExtensibilityGlobals) = postSolution
		SolutionGuid = {9D8067DC-9885-4F40-9A68-7C469B3844C1}
	EndGlobalSection
EndGlobal
